// !$*UTF8*$!
{
	archiveVersion = 1;
	classes = {
	};
	objectVersion = 46;
	objects = {

/* Begin PBXBuildFile section */
		CF2BC9CB1E2819C0003E789E /* AppDelegate.swift in Sources */ = {isa = PBXBuildFile; fileRef = CF2BC9CA1E2819C0003E789E /* AppDelegate.swift */; };
		CF2BC9CD1E2819C0003E789E /* ViewController.swift in Sources */ = {isa = PBXBuildFile; fileRef = CF2BC9CC1E2819C0003E789E /* ViewController.swift */; };
		CF2BC9D01E2819C0003E789E /* Main.storyboard in Resources */ = {isa = PBXBuildFile; fileRef = CF2BC9CE1E2819C0003E789E /* Main.storyboard */; };
		CF2BC9D21E2819C0003E789E /* Assets.xcassets in Resources */ = {isa = PBXBuildFile; fileRef = CF2BC9D11E2819C0003E789E /* Assets.xcassets */; };
		CF2BC9D51E2819C0003E789E /* LaunchScreen.storyboard in Resources */ = {isa = PBXBuildFile; fileRef = CF2BC9D31E2819C0003E789E /* LaunchScreen.storyboard */; };
/* End PBXBuildFile section */

/* Begin PBXFileReference section */
		CF2BC9C71E2819C0003E789E /* KitchenClock.app */ = {isa = PBXFileReference; explicitFileType = wrapper.application; includeInIndex = 0; path = KitchenClock.app; sourceTree = BUILT_PRODUCTS_DIR; };
		CF2BC9CA1E2819C0003E789E /* AppDelegate.swift */ = {isa = PBXFileReference; lastKnownFileType = sourcecode.swift; path = AppDelegate.swift; sourceTree = "<group>"; };
		CF2BC9CC1E2819C0003E789E /* ViewController.swift */ = {isa = PBXFileReference; lastKnownFileType = sourcecode.swift; path = ViewController.swift; sourceTree = "<group>"; };
		CF2BC9CF1E2819C0003E789E /* Base */ = {isa = PBXFileReference; lastKnownFileType = file.storyboard; name = Base; path = Base.lproj/Main.storyboard; sourceTree = "<group>"; };
		CF2BC9D11E2819C0003E789E /* Assets.xcassets */ = {isa = PBXFileReference; lastKnownFileType = folder.assetcatalog; path = Assets.xcassets; sourceTree = "<group>"; };
		CF2BC9D41E2819C0003E789E /* Base */ = {isa = PBXFileReference; lastKnownFileType = file.storyboard; name = Base; path = Base.lproj/LaunchScreen.storyboard; sourceTree = "<group>"; };
		CF2BC9D61E2819C0003E789E /* Info.plist */ = {isa = PBXFileReference; lastKnownFileType = text.plist.xml; path = Info.plist; sourceTree = "<group>"; };
/* End PBXFileReference section */

/* Begin PBXFrameworksBuildPhase section */
		CF2BC9C41E2819C0003E789E /* Frameworks */ = {
			isa = PBXFrameworksBuildPhase;
			buildActionMask = 2147483647;
			files = (
			);
			runOnlyForDeploymentPostprocessing = 0;
		};
/* End PBXFrameworksBuildPhase section */

/* Begin PBXGroup section */
		CF2BC9BE1E2819BF003E789E = {
			isa = PBXGroup;
			children = (
				CF2BC9C91E2819C0003E789E /* KitchenClock */,
				CF2BC9C81E2819C0003E789E /* Products */,
			);
			sourceTree = "<group>";
		};
		CF2BC9C81E2819C0003E789E /* Products */ = {
			isa = PBXGroup;
			children = (
				CF2BC9C71E2819C0003E789E /* KitchenClock.app */,
			);
			name = Products;
			sourceTree = "<group>";
		};
		CF2BC9C91E2819C0003E789E /* KitchenClock */ = {
			isa = PBXGroup;
			children = (
				CF2BC9CA1E2819C0003E789E /* AppDelegate.swift */,
				CF2BC9CC1E2819C0003E789E /* ViewController.swift */,
				CF2BC9CE1E2819C0003E789E /* Main.storyboard */,
				CF2BC9D11E2819C0003E789E /* Assets.xcassets */,
				CF2BC9D31E2819C0003E789E /* LaunchScreen.storyboard */,
				CF2BC9D61E2819C0003E789E /* Info.plist */,
			);
			path = KitchenClock;
			sourceTree = "<group>";
		};
/* End PBXGroup section */

/* Begin PBXNativeTarget section */
		CF2BC9C61E2819C0003E789E /* KitchenClock */ = {
			isa = PBXNativeTarget;
			buildConfigurationList = CF2BC9D91E2819C0003E789E /* Build configuration list for PBXNativeTarget "KitchenClock" */;
			buildPhases = (
				CF2BC9C31E2819C0003E789E /* Sources */,
				CF2BC9C41E2819C0003E789E /* Frameworks */,
				CF2BC9C51E2819C0003E789E /* Resources */,
			);
			buildRules = (
			);
			dependencies = (
			);
			name = KitchenClock;
			productName = KitchenClock;
			productReference = CF2BC9C71E2819C0003E789E /* KitchenClock.app */;
			productType = "com.apple.product-type.application";
		};
/* End PBXNativeTarget section */

/* Begin PBXProject section */
		CF2BC9BF1E2819C0003E789E /* Project object */ = {
			isa = PBXProject;
			attributes = {
				LastSwiftUpdateCheck = 0820;
				LastUpgradeCheck = 0820;
				ORGANIZATIONNAME = Jorge;
				TargetAttributes = {
					CF2BC9C61E2819C0003E789E = {
						CreatedOnToolsVersion = 8.2.1;
						DevelopmentTeam = EDLN3ZMJNW;
						ProvisioningStyle = Automatic;
					};
				};
			};
			buildConfigurationList = CF2BC9C21E2819C0003E789E /* Build configuration list for PBXProject "KitchenClock" */;
			compatibilityVersion = "Xcode 3.2";
			developmentRegion = English;
			hasScannedForEncodings = 0;
			knownRegions = (
				en,
				Base,
			);
			mainGroup = CF2BC9BE1E2819BF003E789E;
			productRefGroup = CF2BC9C81E2819C0003E789E /* Products */;
			projectDirPath = "";
			projectRoot = "";
			targets = (
				CF2BC9C61E2819C0003E789E /* KitchenClock */,
			);
		};
/* End PBXProject section */

/* Begin PBXResourcesBuildPhase section */
		CF2BC9C51E2819C0003E789E /* Resources */ = {
			isa = PBXResourcesBuildPhase;
			buildActionMask = 2147483647;
			files = (
				CF2BC9D51E2819C0003E789E /* LaunchScreen.storyboard in Resources */,
				CF2BC9D21E2819C0003E789E /* Assets.xcassets in Resources */,
				CF2BC9D01E2819C0003E789E /* Main.storyboard in Resources */,
			);
			runOnlyForDeploymentPostprocessing = 0;
		};
/* End PBXResourcesBuildPhase section */

/* Begin PBXSourcesBuildPhase section */
		CF2BC9C31E2819C0003E789E /* Sources */ = {
			isa = PBXSourcesBuildPhase;
			buildActionMask = 2147483647;
			files = (
				CF2BC9CD1E2819C0003E789E /* ViewController.swift in Sources */,
				CF2BC9CB1E2819C0003E789E /* AppDelegate.swift in Sources */,
			);
			runOnlyForDeploymentPostprocessing = 0;
		};
/* End PBXSourcesBuildPhase section */

/* Begin PBXVariantGroup section */
		CF2BC9CE1E2819C0003E789E /* Main.storyboard */ = {
			isa = PBXVariantGroup;
			children = (
				CF2BC9CF1E2819C0003E789E /* Base */,
			);
			name = Main.storyboard;
			sourceTree = "<group>";
		};
		CF2BC9D31E2819C0003E789E /* LaunchScreen.storyboard */ = {
			isa = PBXVariantGroup;
			children = (
				CF2BC9D41E2819C0003E789E /* Base */,
			);
			name = LaunchScreen.storyboard;
			sourceTree = "<group>";
		};
/* End PBXVariantGroup section */

/* Begin XCBuildConfiguration section */
		CF2BC9D71E2819C0003E789E /* Debug */ = {
			isa = XCBuildConfiguration;
			buildSettings = {
				ALWAYS_SEARCH_USER_PATHS = NO;
				CLANG_ANALYZER_NONNULL = YES;
				CLANG_CXX_LANGUAGE_STANDARD = "gnu++0x";
				CLANG_CXX_LIBRARY = "libc++";
				CLANG_ENABLE_MODULES = YES;
				CLANG_ENABLE_OBJC_ARC = YES;
				CLANG_WARN_BOOL_CONVERSION = YES;
				CLANG_WARN_CONSTANT_CONVERSION = YES;
				CLANG_WARN_DIRECT_OBJC_ISA_USAGE = YES_ERROR;
				CLANG_WARN_DOCUMENTATION_COMMENTS = YES;
				CLANG_WARN_EMPTY_BODY = YES;
				CLANG_WARN_ENUM_CONVERSION = YES;
				CLANG_WARN_INFINITE_RECURSION = YES;
				CLANG_WARN_INT_CONVERSION = YES;
				CLANG_WARN_OBJC_ROOT_CLASS = YES_ERROR;
				CLANG_WARN_SUSPICIOUS_MOVE = YES;
				CLANG_WARN_UNREACHABLE_CODE = YES;
				CLANG_WARN__DUPLICATE_METHOD_MATCH = YES;
				"CODE_SIGN_IDENTITY[sdk=iphoneos*]" = "iPhone Developer";
				COPY_PHASE_STRIP = NO;
				DEBUG_INFORMATION_FORMAT = dwarf;
				ENABLE_STRICT_OBJC_MSGSEND = YES;
				ENABLE_TESTABILITY = YES;
				GCC_C_LANGUAGE_STANDARD = gnu99;
				GCC_DYNAMIC_NO_PIC = NO;
				GCC_NO_COMMON_BLOCKS = YES;
				GCC_OPTIMIZATION_LEVEL = 0;
				GCC_PREPROCESSOR_DEFINITIONS = (
					"DEBUG=1",
					"$(inherited)",
				);
				GCC_WARN_64_TO_32_BIT_CONVERSION = YES;
				GCC_WARN_ABOUT_RETURN_TYPE = YES_ERROR;
				GCC_WARN_UNDECLARED_SELECTOR = YES;
				GCC_WARN_UNINITIALIZED_AUTOS = YES_AGGRESSIVE;
				GCC_WARN_UNUSED_FUNCTION = YES;
				GCC_WARN_UNUSED_VARIABLE = YES;
				IPHONEOS_DEPLOYMENT_TARGET = 10.2;
				MTL_ENABLE_DEBUG_INFO = YES;
				ONLY_ACTIVE_ARCH = YES;
				SDKROOT = iphoneos;
				SWIFT_ACTIVE_COMPILATION_CONDITIONS = DEBUG;
				SWIFT_OPTIMIZATION_LEVEL = "-Onone";
			};
			name = Debug;
		};
		CF2BC9D81E2819C0003E789E /* Release */ = {
			isa = XCBuildConfiguration;
			buildSettings = {
				ALWAYS_SEARCH_USER_PATHS = NO;
				CLANG_ANALYZER_NONNULL = YES;
				CLANG_CXX_LANGUAGE_STANDARD = "gnu++0x";
				CLANG_CXX_LIBRARY = "libc++";
				CLANG_ENABLE_MODULES = YES;
				CLANG_ENABLE_OBJC_ARC = YES;
				CLANG_WARN_BOOL_CONVERSION = YES;
				CLANG_WARN_CONSTANT_CONVERSION = YES;
				CLANG_WARN_DIRECT_OBJC_ISA_USAGE = YES_ERROR;
				CLANG_WARN_DOCUMENTATION_COMMENTS = YES;
				CLANG_WARN_EMPTY_BODY = YES;
				CLANG_WARN_ENUM_CONVERSION = YES;
				CLANG_WARN_INFINITE_RECURSION = YES;
				CLANG_WARN_INT_CONVERSION = YES;
				CLANG_WARN_OBJC_ROOT_CLASS = YES_ERROR;
				CLANG_WARN_SUSPICIOUS_MOVE = YES;
				CLANG_WARN_UNREACHABLE_CODE = YES;
				CLANG_WARN__DUPLICATE_METHOD_MATCH = YES;
				"CODE_SIGN_IDENTITY[sdk=iphoneos*]" = "iPhone Developer";
				COPY_PHASE_STRIP = NO;
				DEBUG_INFORMATION_FORMAT = "dwarf-with-dsym";
				ENABLE_NS_ASSERTIONS = NO;
				ENABLE_STRICT_OBJC_MSGSEND = YES;
				GCC_C_LANGUAGE_STANDARD = gnu99;
				GCC_NO_COMMON_BLOCKS = YES;
				GCC_WARN_64_TO_32_BIT_CONVERSION = YES;
				GCC_WARN_ABOUT_RETURN_TYPE = YES_ERROR;
				GCC_WARN_UNDECLARED_SELECTOR = YES;
				GCC_WARN_UNINITIALIZED_AUTOS = YES_AGGRESSIVE;
				GCC_WARN_UNUSED_FUNCTION = YES;
				GCC_WARN_UNUSED_VARIABLE = YES;
				IPHONEOS_DEPLOYMENT_TARGET = 10.2;
				MTL_ENABLE_DEBUG_INFO = NO;
				SDKROOT = iphoneos;
				SWIFT_OPTIMIZATION_LEVEL = "-Owholemodule";
				VALIDATE_PRODUCT = YES;
			};
			name = Release;
		};
		CF2BC9DA1E2819C0003E789E /* Debug */ = {
			isa = XCBuildConfiguration;
			buildSettings = {
				ASSETCATALOG_COMPILER_APPICON_NAME = AppIcon;
				DEVELOPMENT_TEAM = EDLN3ZMJNW;
				INFOPLIST_FILE = KitchenClock/Info.plist;
				LD_RUNPATH_SEARCH_PATHS = "$(inherited) @executable_path/Frameworks";
				PRODUCT_BUNDLE_IDENTIFIER = com.comunmedia.KitchenClock;
				PRODUCT_NAME = "$(TARGET_NAME)";
				SWIFT_VERSION = 3.0;
			};
			name = Debug;
		};
		CF2BC9DB1E2819C0003E789E /* Release */ = {
			isa = XCBuildConfiguration;
			buildSettings = {
				ASSETCATALOG_COMPILER_APPICON_NAME = AppIcon;
				DEVELOPMENT_TEAM = EDLN3ZMJNW;
				INFOPLIST_FILE = KitchenClock/Info.plist;
				LD_RUNPATH_SEARCH_PATHS = "$(inherited) @executable_path/Frameworks";
				PRODUCT_BUNDLE_IDENTIFIER = com.comunmedia.KitchenClock;
				PRODUCT_NAME = "$(TARGET_NAME)";
				SWIFT_VERSION = 3.0;
			};
			name = Release;
		};
/* End XCBuildConfiguration section */

/* Begin XCConfigurationList section */
		CF2BC9C21E2819C0003E789E /* Build configuration list for PBXProject "KitchenClock" */ = {
			isa = XCConfigurationList;
			buildConfigurations = (
				CF2BC9D71E2819C0003E789E /* Debug */,
				CF2BC9D81E2819C0003E789E /* Release */,
			);
			defaultConfigurationIsVisible = 0;
			defaultConfigurationName = Release;
		};
		CF2BC9D91E2819C0003E789E /* Build configuration list for PBXNativeTarget "KitchenClock" */ = {
			isa = XCConfigurationList;
			buildConfigurations = (
				CF2BC9DA1E2819C0003E789E /* Debug */,
				CF2BC9DB1E2819C0003E789E /* Release */,
			);
			defaultConfigurationIsVisible = 0;
		};
/* End XCConfigurationList section */
	};
	rootObject = CF2BC9BF1E2819C0003E789E /* Project object */;
}
